
Microsoft Visual Studio Solution File, Format Version 12.00
# Visual Studio Version 16
VisualStudioVersion = 16.0.30611.23
MinimumVisualStudioVersion = 10.0.40219.1
Project("{FAE04EC0-301F-11D3-BF4B-00C04F79EFBC}") = "DangNhap", "DangNhap\DangNhap.csproj", "{183CD6DF-E6A5-4095-9C8F-952AA9E0C00B}"
EndProject
Global
	GlobalSection(SolutionConfigurationPlatforms) = preSolution
		Debug|Any CPU = Debug|Any CPU
		Release|Any CPU = Release|Any CPU
	EndGlobalSection
	GlobalSection(ProjectConfigurationPlatforms) = postSolution
		{183CD6DF-E6A5-4095-9C8F-952AA9E0C00B}.Debug|Any CPU.ActiveCfg = Debug|Any CPU
		{183CD6DF-E6A5-4095-9C8F-952AA9E0C00B}.Debug|Any CPU.Build.0 = Debug|Any CPU
		{183CD6DF-E6A5-4095-9C8F-952AA9E0C00B}.Release|Any CPU.ActiveCfg = Release|Any CPU
		{183CD6DF-E6A5-4095-9C8F-952AA9E0C00B}.Release|Any CPU.Build.0 = Release|Any CPU
	EndGlobalSection
	GlobalSection(SolutionProperties) = preSolution
		HideSolutionNode = FALSE
	EndGlobalSection
	GlobalSection(ExtensibilityGlobals) = postSolution
		SolutionGuid = {F67B4873-29EB-4A10-A1E2-6EB9162717AE}
	EndGlobalSection
EndGlobal
